
Microsoft Visual Studio Solution File, Format Version 12.00
# Visual Studio Version 17
VisualStudioVersion = 17.5.002.0
MinimumVisualStudioVersion = 10.0.40219.1
Project("{9A19103F-16F7-4668-BE54-9A1E7A4F7556}") = "ModuloAPI", "ModuloAPI.csproj", "{2A215EC4-E1F3-4EAB-A6DE-74802A8FD575}"
EndProject
Global
	GlobalSection(SolutionConfigurationPlatforms) = preSolution
		Debug|Any CPU = Debug|Any CPU
		Release|Any CPU = Release|Any CPU
	EndGlobalSection
	GlobalSection(ProjectConfigurationPlatforms) = postSolution
		{2A215EC4-E1F3-4EAB-A6DE-74802A8FD575}.Debug|Any CPU.ActiveCfg = Debug|Any CPU
		{2A215EC4-E1F3-4EAB-A6DE-74802A8FD575}.Debug|Any CPU.Build.0 = Debug|Any CPU
		{2A215EC4-E1F3-4EAB-A6DE-74802A8FD575}.Release|Any CPU.ActiveCfg = Release|Any CPU
		{2A215EC4-E1F3-4EAB-A6DE-74802A8FD575}.Release|Any CPU.Build.0 = Release|Any CPU
	EndGlobalSection
	GlobalSection(SolutionProperties) = preSolution
		HideSolutionNode = FALSE
	EndGlobalSection
	GlobalSection(ExtensibilityGlobals) = postSolution
		SolutionGuid = {0739B0BB-9800-4A2C-B101-A536209B5022}
	EndGlobalSection
EndGlobal
